
Microsoft Visual Studio Solution File, Format Version 12.00
# Visual Studio Version 16
VisualStudioVersion = 16.0.30406.217
MinimumVisualStudioVersion = 10.0.40219.1
Project("{FAE04EC0-301F-11D3-BF4B-00C04F79EFBC}") = "TechnicalTask", "TechnicalTask\TechnicalTask.csproj", "{C3479484-DD79-4683-B5EC-CA2B333F127B}"
EndProject
Project("{FAE04EC0-301F-11D3-BF4B-00C04F79EFBC}") = "Repository", "Repository\Repository.csproj", "{4315CC67-817D-4280-847C-8AFF58847ED4}"
EndProject
Project("{FAE04EC0-301F-11D3-BF4B-00C04F79EFBC}") = "Interfaces", "Interfaces\Interfaces.csproj", "{1370388D-30D7-4965-AE4D-9891E9CFBF6B}"
EndProject
Project("{FAE04EC0-301F-11D3-BF4B-00C04F79EFBC}") = "Entities", "Entities\Entities.csproj", "{2663CAE3-4CC2-4958-AD7A-4BA9005E4F0C}"
EndProject
Project("{FAE04EC0-301F-11D3-BF4B-00C04F79EFBC}") = "ViewModels", "ViewModels\ViewModels.csproj", "{4A40FD6E-FB9C-4301-9AE7-A3AC9883165C}"
EndProject
Project("{FAE04EC0-301F-11D3-BF4B-00C04F79EFBC}") = "DTOs", "DTOs\DTOs.csproj", "{BC0288BA-080A-41D0-A980-329EF430FF64}"
EndProject
Global
	GlobalSection(SolutionConfigurationPlatforms) = preSolution
		Debug|Any CPU = Debug|Any CPU
		Release|Any CPU = Release|Any CPU
	EndGlobalSection
	GlobalSection(ProjectConfigurationPlatforms) = postSolution
		{C3479484-DD79-4683-B5EC-CA2B333F127B}.Debug|Any CPU.ActiveCfg = Debug|Any CPU
		{C3479484-DD79-4683-B5EC-CA2B333F127B}.Debug|Any CPU.Build.0 = Debug|Any CPU
		{C3479484-DD79-4683-B5EC-CA2B333F127B}.Release|Any CPU.ActiveCfg = Release|Any CPU
		{C3479484-DD79-4683-B5EC-CA2B333F127B}.Release|Any CPU.Build.0 = Release|Any CPU
		{4315CC67-817D-4280-847C-8AFF58847ED4}.Debug|Any CPU.ActiveCfg = Debug|Any CPU
		{4315CC67-817D-4280-847C-8AFF58847ED4}.Debug|Any CPU.Build.0 = Debug|Any CPU
		{4315CC67-817D-4280-847C-8AFF58847ED4}.Release|Any CPU.ActiveCfg = Release|Any CPU
		{4315CC67-817D-4280-847C-8AFF58847ED4}.Release|Any CPU.Build.0 = Release|Any CPU
		{1370388D-30D7-4965-AE4D-9891E9CFBF6B}.Debug|Any CPU.ActiveCfg = Debug|Any CPU
		{1370388D-30D7-4965-AE4D-9891E9CFBF6B}.Debug|Any CPU.Build.0 = Debug|Any CPU
		{1370388D-30D7-4965-AE4D-9891E9CFBF6B}.Release|Any CPU.ActiveCfg = Release|Any CPU
		{1370388D-30D7-4965-AE4D-9891E9CFBF6B}.Release|Any CPU.Build.0 = Release|Any CPU
		{2663CAE3-4CC2-4958-AD7A-4BA9005E4F0C}.Debug|Any CPU.ActiveCfg = Debug|Any CPU
		{2663CAE3-4CC2-4958-AD7A-4BA9005E4F0C}.Debug|Any CPU.Build.0 = Debug|Any CPU
		{2663CAE3-4CC2-4958-AD7A-4BA9005E4F0C}.Release|Any CPU.ActiveCfg = Release|Any CPU
		{2663CAE3-4CC2-4958-AD7A-4BA9005E4F0C}.Release|Any CPU.Build.0 = Release|Any CPU
		{4A40FD6E-FB9C-4301-9AE7-A3AC9883165C}.Debug|Any CPU.ActiveCfg = Debug|Any CPU
		{4A40FD6E-FB9C-4301-9AE7-A3AC9883165C}.Debug|Any CPU.Build.0 = Debug|Any CPU
		{4A40FD6E-FB9C-4301-9AE7-A3AC9883165C}.Release|Any CPU.ActiveCfg = Release|Any CPU
		{4A40FD6E-FB9C-4301-9AE7-A3AC9883165C}.Release|Any CPU.Build.0 = Release|Any CPU
		{BC0288BA-080A-41D0-A980-329EF430FF64}.Debug|Any CPU.ActiveCfg = Debug|Any CPU
		{BC0288BA-080A-41D0-A980-329EF430FF64}.Debug|Any CPU.Build.0 = Debug|Any CPU
		{BC0288BA-080A-41D0-A980-329EF430FF64}.Release|Any CPU.ActiveCfg = Release|Any CPU
		{BC0288BA-080A-41D0-A980-329EF430FF64}.Release|Any CPU.Build.0 = Release|Any CPU
	EndGlobalSection
	GlobalSection(SolutionProperties) = preSolution
		HideSolutionNode = FALSE
	EndGlobalSection
	GlobalSection(ExtensibilityGlobals) = postSolution
		SolutionGuid = {B2983C24-1959-491A-99B4-BDF958795E73}
	EndGlobalSection
EndGlobal
